// !$*UTF8*$!
{
	archiveVersion = 1;
	classes = {
	};
	objectVersion = 56;
	objects = {

/* Begin PBXBuildFile section */
		348028EB28F98D64006DED05 /* GameWords.swift in Sources */ = {isa = PBXBuildFile; fileRef = 348028EA28F98D64006DED05 /* GameWords.swift */; };
		348028EC28F98D77006DED05 /* GameWords.swift in Sources */ = {isa = PBXBuildFile; fileRef = 348028EA28F98D64006DED05 /* GameWords.swift */; };
		348028EE2901812D006DED05 /* StatsView.swift in Sources */ = {isa = PBXBuildFile; fileRef = 348028ED2901812D006DED05 /* StatsView.swift */; };
		348028F02901813E006DED05 /* HelpView.swift in Sources */ = {isa = PBXBuildFile; fileRef = 348028EF2901813E006DED05 /* HelpView.swift */; };
		348028F229018158006DED05 /* SettingsView.swift in Sources */ = {isa = PBXBuildFile; fileRef = 348028F129018158006DED05 /* SettingsView.swift */; };
		34C3B25928F6CDDC000B0118 /* WordleApp.swift in Sources */ = {isa = PBXBuildFile; fileRef = 34C3B25828F6CDDC000B0118 /* WordleApp.swift */; };
		34C3B25B28F6CDDC000B0118 /* ContentView.swift in Sources */ = {isa = PBXBuildFile; fileRef = 34C3B25A28F6CDDC000B0118 /* ContentView.swift */; };
		34C3B25D28F6CDDD000B0118 /* Assets.xcassets in Resources */ = {isa = PBXBuildFile; fileRef = 34C3B25C28F6CDDD000B0118 /* Assets.xcassets */; };
		34C3B26028F6CDDD000B0118 /* Preview Assets.xcassets in Resources */ = {isa = PBXBuildFile; fileRef = 34C3B25F28F6CDDD000B0118 /* Preview Assets.xcassets */; };
		34C3B26228F6CDDD000B0118 /* Persistence.swift in Sources */ = {isa = PBXBuildFile; fileRef = 34C3B26128F6CDDD000B0118 /* Persistence.swift */; };
		34C3B26528F6CDDD000B0118 /* Wordle.xcdatamodeld in Sources */ = {isa = PBXBuildFile; fileRef = 34C3B26328F6CDDD000B0118 /* Wordle.xcdatamodeld */; };
		34C3B26F28F6CDDD000B0118 /* WordleTests.swift in Sources */ = {isa = PBXBuildFile; fileRef = 34C3B26E28F6CDDD000B0118 /* WordleTests.swift */; };
		34C3B27928F6CDDD000B0118 /* WordleUITests.swift in Sources */ = {isa = PBXBuildFile; fileRef = 34C3B27828F6CDDD000B0118 /* WordleUITests.swift */; };
		34C3B27B28F6CDDD000B0118 /* WordleUITestsLaunchTests.swift in Sources */ = {isa = PBXBuildFile; fileRef = 34C3B27A28F6CDDD000B0118 /* WordleUITestsLaunchTests.swift */; };
		34C3B28828F6CEB9000B0118 /* KeyboardView.swift in Sources */ = {isa = PBXBuildFile; fileRef = 34C3B28728F6CEB9000B0118 /* KeyboardView.swift */; };
		34C3B28A28F6D003000B0118 /* UserManager.swift in Sources */ = {isa = PBXBuildFile; fileRef = 34C3B28928F6D003000B0118 /* UserManager.swift */; };
		34C3B28B28F6D003000B0118 /* UserManager.swift in Sources */ = {isa = PBXBuildFile; fileRef = 34C3B28928F6D003000B0118 /* UserManager.swift */; };
		34C3B28C28F6D003000B0118 /* UserManager.swift in Sources */ = {isa = PBXBuildFile; fileRef = 34C3B28928F6D003000B0118 /* UserManager.swift */; };
		34C3B28E28F705D0000B0118 /* GameView.swift in Sources */ = {isa = PBXBuildFile; fileRef = 34C3B28D28F705D0000B0118 /* GameView.swift */; };
		34C3B28F28F705D0000B0118 /* GameView.swift in Sources */ = {isa = PBXBuildFile; fileRef = 34C3B28D28F705D0000B0118 /* GameView.swift */; };
		34C3B29028F705D0000B0118 /* GameView.swift in Sources */ = {isa = PBXBuildFile; fileRef = 34C3B28D28F705D0000B0118 /* GameView.swift */; };
		34C3B29428F74E3A000B0118 /* answerlist.txt in Resources */ = {isa = PBXBuildFile; fileRef = 34C3B29228F74E3A000B0118 /* answerlist.txt */; };
		34C3B29528F74E3A000B0118 /* answerlist.txt in Resources */ = {isa = PBXBuildFile; fileRef = 34C3B29228F74E3A000B0118 /* answerlist.txt */; };
		34C3B29728F74E3A000B0118 /* wordlist.txt in Resources */ = {isa = PBXBuildFile; fileRef = 34C3B29328F74E3A000B0118 /* wordlist.txt */; };
		34C3B29828F74E3A000B0118 /* wordlist.txt in Resources */ = {isa = PBXBuildFile; fileRef = 34C3B29328F74E3A000B0118 /* wordlist.txt */; };
		34C3B29928F74E3A000B0118 /* wordlist.txt in Resources */ = {isa = PBXBuildFile; fileRef = 34C3B29328F74E3A000B0118 /* wordlist.txt */; };
/* End PBXBuildFile section */

/* Begin PBXContainerItemProxy section */
		34C3B26B28F6CDDD000B0118 /* PBXContainerItemProxy */ = {
			isa = PBXContainerItemProxy;
			containerPortal = 34C3B24D28F6CDDB000B0118 /* Project object */;
			proxyType = 1;
			remoteGlobalIDString = 34C3B25428F6CDDB000B0118;
			remoteInfo = Wordle;
		};
		34C3B27528F6CDDD000B0118 /* PBXContainerItemProxy */ = {
			isa = PBXContainerItemProxy;
			containerPortal = 34C3B24D28F6CDDB000B0118 /* Project object */;
			proxyType = 1;
			remoteGlobalIDString = 34C3B25428F6CDDB000B0118;
			remoteInfo = Wordle;
		};
/* End PBXContainerItemProxy section */

/* Begin PBXFileReference section */
		348028EA28F98D64006DED05 /* GameWords.swift */ = {isa = PBXFileReference; lastKnownFileType = sourcecode.swift; path = GameWords.swift; sourceTree = "<group>"; };
		348028ED2901812D006DED05 /* StatsView.swift */ = {isa = PBXFileReference; lastKnownFileType = sourcecode.swift; path = StatsView.swift; sourceTree = "<group>"; };
		348028EF2901813E006DED05 /* HelpView.swift */ = {isa = PBXFileReference; lastKnownFileType = sourcecode.swift; path = HelpView.swift; sourceTree = "<group>"; };
		348028F129018158006DED05 /* SettingsView.swift */ = {isa = PBXFileReference; lastKnownFileType = sourcecode.swift; path = SettingsView.swift; sourceTree = "<group>"; };
		34C3B25528F6CDDC000B0118 /* Wordle.app */ = {isa = PBXFileReference; explicitFileType = wrapper.application; includeInIndex = 0; path = Wordle.app; sourceTree = BUILT_PRODUCTS_DIR; };
		34C3B25828F6CDDC000B0118 /* WordleApp.swift */ = {isa = PBXFileReference; lastKnownFileType = sourcecode.swift; path = WordleApp.swift; sourceTree = "<group>"; };
		34C3B25A28F6CDDC000B0118 /* ContentView.swift */ = {isa = PBXFileReference; lastKnownFileType = sourcecode.swift; path = ContentView.swift; sourceTree = "<group>"; };
		34C3B25C28F6CDDD000B0118 /* Assets.xcassets */ = {isa = PBXFileReference; lastKnownFileType = folder.assetcatalog; path = Assets.xcassets; sourceTree = "<group>"; };
		34C3B25F28F6CDDD000B0118 /* Preview Assets.xcassets */ = {isa = PBXFileReference; lastKnownFileType = folder.assetcatalog; path = "Preview Assets.xcassets"; sourceTree = "<group>"; };
		34C3B26128F6CDDD000B0118 /* Persistence.swift */ = {isa = PBXFileReference; lastKnownFileType = sourcecode.swift; path = Persistence.swift; sourceTree = "<group>"; };
		34C3B26428F6CDDD000B0118 /* Wordle.xcdatamodel */ = {isa = PBXFileReference; lastKnownFileType = wrapper.xcdatamodel; path = Wordle.xcdatamodel; sourceTree = "<group>"; };
		34C3B26A28F6CDDD000B0118 /* WordleTests.xctest */ = {isa = PBXFileReference; explicitFileType = wrapper.cfbundle; includeInIndex = 0; path = WordleTests.xctest; sourceTree = BUILT_PRODUCTS_DIR; };
		34C3B26E28F6CDDD000B0118 /* WordleTests.swift */ = {isa = PBXFileReference; lastKnownFileType = sourcecode.swift; path = WordleTests.swift; sourceTree = "<group>"; };
		34C3B27428F6CDDD000B0118 /* WordleUITests.xctest */ = {isa = PBXFileReference; explicitFileType = wrapper.cfbundle; includeInIndex = 0; path = WordleUITests.xctest; sourceTree = BUILT_PRODUCTS_DIR; };
		34C3B27828F6CDDD000B0118 /* WordleUITests.swift */ = {isa = PBXFileReference; lastKnownFileType = sourcecode.swift; path = WordleUITests.swift; sourceTree = "<group>"; };
		34C3B27A28F6CDDD000B0118 /* WordleUITestsLaunchTests.swift */ = {isa = PBXFileReference; lastKnownFileType = sourcecode.swift; path = WordleUITestsLaunchTests.swift; sourceTree = "<group>"; };
		34C3B28728F6CEB9000B0118 /* KeyboardView.swift */ = {isa = PBXFileReference; lastKnownFileType = sourcecode.swift; path = KeyboardView.swift; sourceTree = "<group>"; };
		34C3B28928F6D003000B0118 /* UserManager.swift */ = {isa = PBXFileReference; lastKnownFileType = sourcecode.swift; path = UserManager.swift; sourceTree = "<group>"; };
		34C3B28D28F705D0000B0118 /* GameView.swift */ = {isa = PBXFileReference; lastKnownFileType = sourcecode.swift; path = GameView.swift; sourceTree = "<group>"; };
		34C3B29228F74E3A000B0118 /* answerlist.txt */ = {isa = PBXFileReference; fileEncoding = 4; lastKnownFileType = text; path = answerlist.txt; sourceTree = "<group>"; };
		34C3B29328F74E3A000B0118 /* wordlist.txt */ = {isa = PBXFileReference; fileEncoding = 4; lastKnownFileType = text; path = wordlist.txt; sourceTree = "<group>"; };
/* End PBXFileReference section */

/* Begin PBXFrameworksBuildPhase section */
		34C3B25228F6CDDB000B0118 /* Frameworks */ = {
			isa = PBXFrameworksBuildPhase;
			buildActionMask = 2147483647;
			files = (
			);
			runOnlyForDeploymentPostprocessing = 0;
		};
		34C3B26728F6CDDD000B0118 /* Frameworks */ = {
			isa = PBXFrameworksBuildPhase;
			buildActionMask = 2147483647;
			files = (
			);
			runOnlyForDeploymentPostprocessing = 0;
		};
		34C3B27128F6CDDD000B0118 /* Frameworks */ = {
			isa = PBXFrameworksBuildPhase;
			buildActionMask = 2147483647;
			files = (
			);
			runOnlyForDeploymentPostprocessing = 0;
		};
/* End PBXFrameworksBuildPhase section */

/* Begin PBXGroup section */
		34C3B24C28F6CDDB000B0118 = {
			isa = PBXGroup;
			children = (
				34C3B25728F6CDDC000B0118 /* Wordle */,
				34C3B26D28F6CDDD000B0118 /* WordleTests */,
				34C3B27728F6CDDD000B0118 /* WordleUITests */,
				34C3B25628F6CDDC000B0118 /* Products */,
			);
			sourceTree = "<group>";
		};
		34C3B25628F6CDDC000B0118 /* Products */ = {
			isa = PBXGroup;
			children = (
				34C3B25528F6CDDC000B0118 /* Wordle.app */,
				34C3B26A28F6CDDD000B0118 /* WordleTests.xctest */,
				34C3B27428F6CDDD000B0118 /* WordleUITests.xctest */,
			);
			name = Products;
			sourceTree = "<group>";
		};
		34C3B25728F6CDDC000B0118 /* Wordle */ = {
			isa = PBXGroup;
			children = (
				34C3B29128F74DC1000B0118 /* Words */,
				34C3B25828F6CDDC000B0118 /* WordleApp.swift */,
				34C3B25A28F6CDDC000B0118 /* ContentView.swift */,
				34C3B25C28F6CDDD000B0118 /* Assets.xcassets */,
				34C3B26128F6CDDD000B0118 /* Persistence.swift */,
				34C3B26328F6CDDD000B0118 /* Wordle.xcdatamodeld */,
				34C3B25E28F6CDDD000B0118 /* Preview Content */,
				34C3B28728F6CEB9000B0118 /* KeyboardView.swift */,
				34C3B28928F6D003000B0118 /* UserManager.swift */,
				34C3B28D28F705D0000B0118 /* GameView.swift */,
				348028EA28F98D64006DED05 /* GameWords.swift */,
				348028ED2901812D006DED05 /* StatsView.swift */,
				348028EF2901813E006DED05 /* HelpView.swift */,
				348028F129018158006DED05 /* SettingsView.swift */,
			);
			path = Wordle;
			sourceTree = "<group>";
		};
		34C3B25E28F6CDDD000B0118 /* Preview Content */ = {
			isa = PBXGroup;
			children = (
				34C3B25F28F6CDDD000B0118 /* Preview Assets.xcassets */,
			);
			path = "Preview Content";
			sourceTree = "<group>";
		};
		34C3B26D28F6CDDD000B0118 /* WordleTests */ = {
			isa = PBXGroup;
			children = (
				34C3B26E28F6CDDD000B0118 /* WordleTests.swift */,
			);
			path = WordleTests;
			sourceTree = "<group>";
		};
		34C3B27728F6CDDD000B0118 /* WordleUITests */ = {
			isa = PBXGroup;
			children = (
				34C3B27828F6CDDD000B0118 /* WordleUITests.swift */,
				34C3B27A28F6CDDD000B0118 /* WordleUITestsLaunchTests.swift */,
			);
			path = WordleUITests;
			sourceTree = "<group>";
		};
		34C3B29128F74DC1000B0118 /* Words */ = {
			isa = PBXGroup;
			children = (
				34C3B29228F74E3A000B0118 /* answerlist.txt */,
				34C3B29328F74E3A000B0118 /* wordlist.txt */,
			);
			path = Words;
			sourceTree = "<group>";
		};
/* End PBXGroup section */

/* Begin PBXNativeTarget section */
		34C3B25428F6CDDB000B0118 /* Wordle */ = {
			isa = PBXNativeTarget;
			buildConfigurationList = 34C3B27E28F6CDDD000B0118 /* Build configuration list for PBXNativeTarget "Wordle" */;
			buildPhases = (
				34C3B25128F6CDDB000B0118 /* Sources */,
				34C3B25228F6CDDB000B0118 /* Frameworks */,
				34C3B25328F6CDDB000B0118 /* Resources */,
			);
			buildRules = (
			);
			dependencies = (
			);
			name = Wordle;
			productName = Wordle;
			productReference = 34C3B25528F6CDDC000B0118 /* Wordle.app */;
			productType = "com.apple.product-type.application";
		};
		34C3B26928F6CDDD000B0118 /* WordleTests */ = {
			isa = PBXNativeTarget;
			buildConfigurationList = 34C3B28128F6CDDD000B0118 /* Build configuration list for PBXNativeTarget "WordleTests" */;
			buildPhases = (
				34C3B26628F6CDDD000B0118 /* Sources */,
				34C3B26728F6CDDD000B0118 /* Frameworks */,
				34C3B26828F6CDDD000B0118 /* Resources */,
			);
			buildRules = (
			);
			dependencies = (
				34C3B26C28F6CDDD000B0118 /* PBXTargetDependency */,
			);
			name = WordleTests;
			productName = WordleTests;
			productReference = 34C3B26A28F6CDDD000B0118 /* WordleTests.xctest */;
			productType = "com.apple.product-type.bundle.unit-test";
		};
		34C3B27328F6CDDD000B0118 /* WordleUITests */ = {
			isa = PBXNativeTarget;
			buildConfigurationList = 34C3B28428F6CDDD000B0118 /* Build configuration list for PBXNativeTarget "WordleUITests" */;
			buildPhases = (
				34C3B27028F6CDDD000B0118 /* Sources */,
				34C3B27128F6CDDD000B0118 /* Frameworks */,
				34C3B27228F6CDDD000B0118 /* Resources */,
			);
			buildRules = (
			);
			dependencies = (
				34C3B27628F6CDDD000B0118 /* PBXTargetDependency */,
			);
			name = WordleUITests;
			productName = WordleUITests;
			productReference = 34C3B27428F6CDDD000B0118 /* WordleUITests.xctest */;
			productType = "com.apple.product-type.bundle.ui-testing";
		};
/* End PBXNativeTarget section */

/* Begin PBXProject section */
		34C3B24D28F6CDDB000B0118 /* Project object */ = {
			isa = PBXProject;
			attributes = {
				BuildIndependentTargetsInParallel = 1;
				LastSwiftUpdateCheck = 1400;
				LastUpgradeCheck = 1400;
				TargetAttributes = {
					34C3B25428F6CDDB000B0118 = {
						CreatedOnToolsVersion = 14.0.1;
					};
					34C3B26928F6CDDD000B0118 = {
						CreatedOnToolsVersion = 14.0.1;
						TestTargetID = 34C3B25428F6CDDB000B0118;
					};
					34C3B27328F6CDDD000B0118 = {
						CreatedOnToolsVersion = 14.0.1;
						TestTargetID = 34C3B25428F6CDDB000B0118;
					};
				};
			};
			buildConfigurationList = 34C3B25028F6CDDB000B0118 /* Build configuration list for PBXProject "Wordle" */;
			compatibilityVersion = "Xcode 14.0";
			developmentRegion = en;
			hasScannedForEncodings = 0;
			knownRegions = (
				en,
				Base,
			);
			mainGroup = 34C3B24C28F6CDDB000B0118;
			productRefGroup = 34C3B25628F6CDDC000B0118 /* Products */;
			projectDirPath = "";
			projectRoot = "";
			targets = (
				34C3B25428F6CDDB000B0118 /* Wordle */,
				34C3B26928F6CDDD000B0118 /* WordleTests */,
				34C3B27328F6CDDD000B0118 /* WordleUITests */,
			);
		};
/* End PBXProject section */

/* Begin PBXResourcesBuildPhase section */
		34C3B25328F6CDDB000B0118 /* Resources */ = {
			isa = PBXResourcesBuildPhase;
			buildActionMask = 2147483647;
			files = (
				34C3B29428F74E3A000B0118 /* answerlist.txt in Resources */,
				34C3B26028F6CDDD000B0118 /* Preview Assets.xcassets in Resources */,
				34C3B29728F74E3A000B0118 /* wordlist.txt in Resources */,
				34C3B25D28F6CDDD000B0118 /* Assets.xcassets in Resources */,
			);
			runOnlyForDeploymentPostprocessing = 0;
		};
		34C3B26828F6CDDD000B0118 /* Resources */ = {
			isa = PBXResourcesBuildPhase;
			buildActionMask = 2147483647;
			files = (
				34C3B29828F74E3A000B0118 /* wordlist.txt in Resources */,
				34C3B29528F74E3A000B0118 /* answerlist.txt in Resources */,
			);
			runOnlyForDeploymentPostprocessing = 0;
		};
		34C3B27228F6CDDD000B0118 /* Resources */ = {
			isa = PBXResourcesBuildPhase;
			buildActionMask = 2147483647;
			files = (
				34C3B29928F74E3A000B0118 /* wordlist.txt in Resources */,
			);
			runOnlyForDeploymentPostprocessing = 0;
		};
/* End PBXResourcesBuildPhase section */

/* Begin PBXSourcesBuildPhase section */
		34C3B25128F6CDDB000B0118 /* Sources */ = {
			isa = PBXSourcesBuildPhase;
			buildActionMask = 2147483647;
			files = (
				34C3B28A28F6D003000B0118 /* UserManager.swift in Sources */,
				34C3B26528F6CDDD000B0118 /* Wordle.xcdatamodeld in Sources */,
				34C3B26228F6CDDD000B0118 /* Persistence.swift in Sources */,
				348028F02901813E006DED05 /* HelpView.swift in Sources */,
				348028EB28F98D64006DED05 /* GameWords.swift in Sources */,
				34C3B25B28F6CDDC000B0118 /* ContentView.swift in Sources */,
				34C3B28828F6CEB9000B0118 /* KeyboardView.swift in Sources */,
				34C3B25928F6CDDC000B0118 /* WordleApp.swift in Sources */,
				34C3B28E28F705D0000B0118 /* GameView.swift in Sources */,
				348028EE2901812D006DED05 /* StatsView.swift in Sources */,
				348028F229018158006DED05 /* SettingsView.swift in Sources */,
			);
			runOnlyForDeploymentPostprocessing = 0;
		};
		34C3B26628F6CDDD000B0118 /* Sources */ = {
			isa = PBXSourcesBuildPhase;
			buildActionMask = 2147483647;
			files = (
				34C3B28B28F6D003000B0118 /* UserManager.swift in Sources */,
				34C3B28F28F705D0000B0118 /* GameView.swift in Sources */,
				34C3B26F28F6CDDD000B0118 /* WordleTests.swift in Sources */,
				348028EC28F98D77006DED05 /* GameWords.swift in Sources */,
			);
			runOnlyForDeploymentPostprocessing = 0;
		};
		34C3B27028F6CDDD000B0118 /* Sources */ = {
			isa = PBXSourcesBuildPhase;
			buildActionMask = 2147483647;
			files = (
				34C3B28C28F6D003000B0118 /* UserManager.swift in Sources */,
				34C3B27928F6CDDD000B0118 /* WordleUITests.swift in Sources */,
				34C3B29028F705D0000B0118 /* GameView.swift in Sources */,
				34C3B27B28F6CDDD000B0118 /* WordleUITestsLaunchTests.swift in Sources */,
			);
			runOnlyForDeploymentPostprocessing = 0;
		};
/* End PBXSourcesBuildPhase section */

/* Begin PBXTargetDependency section */
		34C3B26C28F6CDDD000B0118 /* PBXTargetDependency */ = {
			isa = PBXTargetDependency;
			target = 34C3B25428F6CDDB000B0118 /* Wordle */;
			targetProxy = 34C3B26B28F6CDDD000B0118 /* PBXContainerItemProxy */;
		};
		34C3B27628F6CDDD000B0118 /* PBXTargetDependency */ = {
			isa = PBXTargetDependency;
			target = 34C3B25428F6CDDB000B0118 /* Wordle */;
			targetProxy = 34C3B27528F6CDDD000B0118 /* PBXContainerItemProxy */;
		};
/* End PBXTargetDependency section */

/* Begin XCBuildConfiguration section */
		34C3B27C28F6CDDD000B0118 /* Debug */ = {
			isa = XCBuildConfiguration;
			buildSettings = {
				ALWAYS_SEARCH_USER_PATHS = NO;
				CLANG_ANALYZER_NONNULL = YES;
				CLANG_ANALYZER_NUMBER_OBJECT_CONVERSION = YES_AGGRESSIVE;
				CLANG_CXX_LANGUAGE_STANDARD = "gnu++20";
				CLANG_ENABLE_MODULES = YES;
				CLANG_ENABLE_OBJC_ARC = YES;
				CLANG_ENABLE_OBJC_WEAK = YES;
				CLANG_WARN_BLOCK_CAPTURE_AUTORELEASING = YES;
				CLANG_WARN_BOOL_CONVERSION = YES;
				CLANG_WARN_COMMA = YES;
				CLANG_WARN_CONSTANT_CONVERSION = YES;
				CLANG_WARN_DEPRECATED_OBJC_IMPLEMENTATIONS = YES;
				CLANG_WARN_DIRECT_OBJC_ISA_USAGE = YES_ERROR;
				CLANG_WARN_DOCUMENTATION_COMMENTS = YES;
				CLANG_WARN_EMPTY_BODY = YES;
				CLANG_WARN_ENUM_CONVERSION = YES;
				CLANG_WARN_INFINITE_RECURSION = YES;
				CLANG_WARN_INT_CONVERSION = YES;
				CLANG_WARN_NON_LITERAL_NULL_CONVERSION = YES;
				CLANG_WARN_OBJC_IMPLICIT_RETAIN_SELF = YES;
				CLANG_WARN_OBJC_LITERAL_CONVERSION = YES;
				CLANG_WARN_OBJC_ROOT_CLASS = YES_ERROR;
				CLANG_WARN_QUOTED_INCLUDE_IN_FRAMEWORK_HEADER = YES;
				CLANG_WARN_RANGE_LOOP_ANALYSIS = YES;
				CLANG_WARN_STRICT_PROTOTYPES = YES;
				CLANG_WARN_SUSPICIOUS_MOVE = YES;
				CLANG_WARN_UNGUARDED_AVAILABILITY = YES_AGGRESSIVE;
				CLANG_WARN_UNREACHABLE_CODE = YES;
				CLANG_WARN__DUPLICATE_METHOD_MATCH = YES;
				COPY_PHASE_STRIP = NO;
				DEBUG_INFORMATION_FORMAT = dwarf;
				ENABLE_STRICT_OBJC_MSGSEND = YES;
				ENABLE_TESTABILITY = YES;
				GCC_C_LANGUAGE_STANDARD = gnu11;
				GCC_DYNAMIC_NO_PIC = NO;
				GCC_NO_COMMON_BLOCKS = YES;
				GCC_OPTIMIZATION_LEVEL = 0;
				GCC_PREPROCESSOR_DEFINITIONS = (
					"DEBUG=1",
					"$(inherited)",
				);
				GCC_WARN_64_TO_32_BIT_CONVERSION = YES;
				GCC_WARN_ABOUT_RETURN_TYPE = YES_ERROR;
				GCC_WARN_UNDECLARED_SELECTOR = YES;
				GCC_WARN_UNINITIALIZED_AUTOS = YES_AGGRESSIVE;
				GCC_WARN_UNUSED_FUNCTION = YES;
				GCC_WARN_UNUSED_VARIABLE = YES;
				IPHONEOS_DEPLOYMENT_TARGET = 16.0;
				MTL_ENABLE_DEBUG_INFO = INCLUDE_SOURCE;
				MTL_FAST_MATH = YES;
				ONLY_ACTIVE_ARCH = YES;
				SDKROOT = iphoneos;
				SWIFT_ACTIVE_COMPILATION_CONDITIONS = DEBUG;
				SWIFT_OPTIMIZATION_LEVEL = "-Onone";
			};
			name = Debug;
		};
		34C3B27D28F6CDDD000B0118 /* Release */ = {
			isa = XCBuildConfiguration;
			buildSettings = {
				ALWAYS_SEARCH_USER_PATHS = NO;
				CLANG_ANALYZER_NONNULL = YES;
				CLANG_ANALYZER_NUMBER_OBJECT_CONVERSION = YES_AGGRESSIVE;
				CLANG_CXX_LANGUAGE_STANDARD = "gnu++20";
				CLANG_ENABLE_MODULES = YES;
				CLANG_ENABLE_OBJC_ARC = YES;
				CLANG_ENABLE_OBJC_WEAK = YES;
				CLANG_WARN_BLOCK_CAPTURE_AUTORELEASING = YES;
				CLANG_WARN_BOOL_CONVERSION = YES;
				CLANG_WARN_COMMA = YES;
				CLANG_WARN_CONSTANT_CONVERSION = YES;
				CLANG_WARN_DEPRECATED_OBJC_IMPLEMENTATIONS = YES;
				CLANG_WARN_DIRECT_OBJC_ISA_USAGE = YES_ERROR;
				CLANG_WARN_DOCUMENTATION_COMMENTS = YES;
				CLANG_WARN_EMPTY_BODY = YES;
				CLANG_WARN_ENUM_CONVERSION = YES;
				CLANG_WARN_INFINITE_RECURSION = YES;
				CLANG_WARN_INT_CONVERSION = YES;
				CLANG_WARN_NON_LITERAL_NULL_CONVERSION = YES;
				CLANG_WARN_OBJC_IMPLICIT_RETAIN_SELF = YES;
				CLANG_WARN_OBJC_LITERAL_CONVERSION = YES;
				CLANG_WARN_OBJC_ROOT_CLASS = YES_ERROR;
				CLANG_WARN_QUOTED_INCLUDE_IN_FRAMEWORK_HEADER = YES;
				CLANG_WARN_RANGE_LOOP_ANALYSIS = YES;
				CLANG_WARN_STRICT_PROTOTYPES = YES;
				CLANG_WARN_SUSPICIOUS_MOVE = YES;
				CLANG_WARN_UNGUARDED_AVAILABILITY = YES_AGGRESSIVE;
				CLANG_WARN_UNREACHABLE_CODE = YES;
				CLANG_WARN__DUPLICATE_METHOD_MATCH = YES;
				COPY_PHASE_STRIP = NO;
				DEBUG_INFORMATION_FORMAT = "dwarf-with-dsym";
				ENABLE_NS_ASSERTIONS = NO;
				ENABLE_STRICT_OBJC_MSGSEND = YES;
				GCC_C_LANGUAGE_STANDARD = gnu11;
				GCC_NO_COMMON_BLOCKS = YES;
				GCC_WARN_64_TO_32_BIT_CONVERSION = YES;
				GCC_WARN_ABOUT_RETURN_TYPE = YES_ERROR;
				GCC_WARN_UNDECLARED_SELECTOR = YES;
				GCC_WARN_UNINITIALIZED_AUTOS = YES_AGGRESSIVE;
				GCC_WARN_UNUSED_FUNCTION = YES;
				GCC_WARN_UNUSED_VARIABLE = YES;
				IPHONEOS_DEPLOYMENT_TARGET = 16.0;
				MTL_ENABLE_DEBUG_INFO = NO;
				MTL_FAST_MATH = YES;
				SDKROOT = iphoneos;
				SWIFT_COMPILATION_MODE = wholemodule;
				SWIFT_OPTIMIZATION_LEVEL = "-O";
				VALIDATE_PRODUCT = YES;
			};
			name = Release;
		};
		34C3B27F28F6CDDD000B0118 /* Debug */ = {
			isa = XCBuildConfiguration;
			buildSettings = {
				ASSETCATALOG_COMPILER_APPICON_NAME = AppIcon;
				ASSETCATALOG_COMPILER_GLOBAL_ACCENT_COLOR_NAME = AccentColor;
				CODE_SIGN_STYLE = Automatic;
				CURRENT_PROJECT_VERSION = 1;
				DEVELOPMENT_ASSET_PATHS = "\"Wordle/Preview Content\"";
				DEVELOPMENT_TEAM = 9GZ8FVR7LN;
				ENABLE_PREVIEWS = YES;
				GENERATE_INFOPLIST_FILE = YES;
				INFOPLIST_KEY_UIApplicationSceneManifest_Generation = YES;
				INFOPLIST_KEY_UIApplicationSupportsIndirectInputEvents = YES;
				INFOPLIST_KEY_UILaunchScreen_Generation = YES;
				INFOPLIST_KEY_UISupportedInterfaceOrientations_iPad = "UIInterfaceOrientationPortrait UIInterfaceOrientationPortraitUpsideDown UIInterfaceOrientationLandscapeLeft UIInterfaceOrientationLandscapeRight";
				INFOPLIST_KEY_UISupportedInterfaceOrientations_iPhone = "UIInterfaceOrientationPortrait UIInterfaceOrientationLandscapeLeft UIInterfaceOrientationLandscapeRight";
				LD_RUNPATH_SEARCH_PATHS = (
					"$(inherited)",
					"@executable_path/Frameworks",
				);
				MARKETING_VERSION = 1.0;
				PRODUCT_BUNDLE_IDENTIFIER = com.lemonworld.authentication.Wordle;
				PRODUCT_NAME = "$(TARGET_NAME)";
				SWIFT_EMIT_LOC_STRINGS = YES;
				SWIFT_VERSION = 5.0;
				TARGETED_DEVICE_FAMILY = "1,2";
			};
			name = Debug;
		};
		34C3B28028F6CDDD000B0118 /* Release */ = {
			isa = XCBuildConfiguration;
			buildSettings = {
				ASSETCATALOG_COMPILER_APPICON_NAME = AppIcon;
				ASSETCATALOG_COMPILER_GLOBAL_ACCENT_COLOR_NAME = AccentColor;
				CODE_SIGN_STYLE = Automatic;
				CURRENT_PROJECT_VERSION = 1;
				DEVELOPMENT_ASSET_PATHS = "\"Wordle/Preview Content\"";
				DEVELOPMENT_TEAM = 9GZ8FVR7LN;
				ENABLE_PREVIEWS = YES;
				GENERATE_INFOPLIST_FILE = YES;
				INFOPLIST_KEY_UIApplicationSceneManifest_Generation = YES;
				INFOPLIST_KEY_UIApplicationSupportsIndirectInputEvents = YES;
				INFOPLIST_KEY_UILaunchScreen_Generation = YES;
				INFOPLIST_KEY_UISupportedInterfaceOrientations_iPad = "UIInterfaceOrientationPortrait UIInterfaceOrientationPortraitUpsideDown UIInterfaceOrientationLandscapeLeft UIInterfaceOrientationLandscapeRight";
				INFOPLIST_KEY_UISupportedInterfaceOrientations_iPhone = "UIInterfaceOrientationPortrait UIInterfaceOrientationLandscapeLeft UIInterfaceOrientationLandscapeRight";
				LD_RUNPATH_SEARCH_PATHS = (
					"$(inherited)",
					"@executable_path/Frameworks",
				);
				MARKETING_VERSION = 1.0;
				PRODUCT_BUNDLE_IDENTIFIER = com.lemonworld.authentication.Wordle;
				PRODUCT_NAME = "$(TARGET_NAME)";
				SWIFT_EMIT_LOC_STRINGS = YES;
				SWIFT_VERSION = 5.0;
				TARGETED_DEVICE_FAMILY = "1,2";
			};
			name = Release;
		};
		34C3B28228F6CDDD000B0118 /* Debug */ = {
			isa = XCBuildConfiguration;
			buildSettings = {
				ALWAYS_EMBED_SWIFT_STANDARD_LIBRARIES = YES;
				BUNDLE_LOADER = "$(TEST_HOST)";
				CODE_SIGN_STYLE = Automatic;
				CURRENT_PROJECT_VERSION = 1;
				DEVELOPMENT_TEAM = 9GZ8FVR7LN;
				GENERATE_INFOPLIST_FILE = YES;
				IPHONEOS_DEPLOYMENT_TARGET = 16.0;
				MARKETING_VERSION = 1.0;
				PRODUCT_BUNDLE_IDENTIFIER = com.lemonworld.authentication.WordleTests;
				PRODUCT_NAME = "$(TARGET_NAME)";
				SWIFT_EMIT_LOC_STRINGS = NO;
				SWIFT_VERSION = 5.0;
				TARGETED_DEVICE_FAMILY = "1,2";
				TEST_HOST = "$(BUILT_PRODUCTS_DIR)/Wordle.app/$(BUNDLE_EXECUTABLE_FOLDER_PATH)/Wordle";
			};
			name = Debug;
		};
		34C3B28328F6CDDD000B0118 /* Release */ = {
			isa = XCBuildConfiguration;
			buildSettings = {
				ALWAYS_EMBED_SWIFT_STANDARD_LIBRARIES = YES;
				BUNDLE_LOADER = "$(TEST_HOST)";
				CODE_SIGN_STYLE = Automatic;
				CURRENT_PROJECT_VERSION = 1;
				DEVELOPMENT_TEAM = 9GZ8FVR7LN;
				GENERATE_INFOPLIST_FILE = YES;
				IPHONEOS_DEPLOYMENT_TARGET = 16.0;
				MARKETING_VERSION = 1.0;
				PRODUCT_BUNDLE_IDENTIFIER = com.lemonworld.authentication.WordleTests;
				PRODUCT_NAME = "$(TARGET_NAME)";
				SWIFT_EMIT_LOC_STRINGS = NO;
				SWIFT_VERSION = 5.0;
				TARGETED_DEVICE_FAMILY = "1,2";
				TEST_HOST = "$(BUILT_PRODUCTS_DIR)/Wordle.app/$(BUNDLE_EXECUTABLE_FOLDER_PATH)/Wordle";
			};
			name = Release;
		};
		34C3B28528F6CDDD000B0118 /* Debug */ = {
			isa = XCBuildConfiguration;
			buildSettings = {
				ALWAYS_EMBED_SWIFT_STANDARD_LIBRARIES = YES;
				CODE_SIGN_STYLE = Automatic;
				CURRENT_PROJECT_VERSION = 1;
				DEVELOPMENT_TEAM = 9GZ8FVR7LN;
				GENERATE_INFOPLIST_FILE = YES;
				MARKETING_VERSION = 1.0;
				PRODUCT_BUNDLE_IDENTIFIER = com.lemonworld.authentication.WordleUITests;
				PRODUCT_NAME = "$(TARGET_NAME)";
				SWIFT_EMIT_LOC_STRINGS = NO;
				SWIFT_VERSION = 5.0;
				TARGETED_DEVICE_FAMILY = "1,2";
				TEST_TARGET_NAME = Wordle;
			};
			name = Debug;
		};
		34C3B28628F6CDDD000B0118 /* Release */ = {
			isa = XCBuildConfiguration;
			buildSettings = {
				ALWAYS_EMBED_SWIFT_STANDARD_LIBRARIES = YES;
				CODE_SIGN_STYLE = Automatic;
				CURRENT_PROJECT_VERSION = 1;
				DEVELOPMENT_TEAM = 9GZ8FVR7LN;
				GENERATE_INFOPLIST_FILE = YES;
				MARKETING_VERSION = 1.0;
				PRODUCT_BUNDLE_IDENTIFIER = com.lemonworld.authentication.WordleUITests;
				PRODUCT_NAME = "$(TARGET_NAME)";
				SWIFT_EMIT_LOC_STRINGS = NO;
				SWIFT_VERSION = 5.0;
				TARGETED_DEVICE_FAMILY = "1,2";
				TEST_TARGET_NAME = Wordle;
			};
			name = Release;
		};
/* End XCBuildConfiguration section */

/* Begin XCConfigurationList section */
		34C3B25028F6CDDB000B0118 /* Build configuration list for PBXProject "Wordle" */ = {
			isa = XCConfigurationList;
			buildConfigurations = (
				34C3B27C28F6CDDD000B0118 /* Debug */,
				34C3B27D28F6CDDD000B0118 /* Release */,
			);
			defaultConfigurationIsVisible = 0;
			defaultConfigurationName = Release;
		};
		34C3B27E28F6CDDD000B0118 /* Build configuration list for PBXNativeTarget "Wordle" */ = {
			isa = XCConfigurationList;
			buildConfigurations = (
				34C3B27F28F6CDDD000B0118 /* Debug */,
				34C3B28028F6CDDD000B0118 /* Release */,
			);
			defaultConfigurationIsVisible = 0;
			defaultConfigurationName = Release;
		};
		34C3B28128F6CDDD000B0118 /* Build configuration list for PBXNativeTarget "WordleTests" */ = {
			isa = XCConfigurationList;
			buildConfigurations = (
				34C3B28228F6CDDD000B0118 /* Debug */,
				34C3B28328F6CDDD000B0118 /* Release */,
			);
			defaultConfigurationIsVisible = 0;
			defaultConfigurationName = Release;
		};
		34C3B28428F6CDDD000B0118 /* Build configuration list for PBXNativeTarget "WordleUITests" */ = {
			isa = XCConfigurationList;
			buildConfigurations = (
				34C3B28528F6CDDD000B0118 /* Debug */,
				34C3B28628F6CDDD000B0118 /* Release */,
			);
			defaultConfigurationIsVisible = 0;
			defaultConfigurationName = Release;
		};
/* End XCConfigurationList section */

/* Begin XCVersionGroup section */
		34C3B26328F6CDDD000B0118 /* Wordle.xcdatamodeld */ = {
			isa = XCVersionGroup;
			children = (
				34C3B26428F6CDDD000B0118 /* Wordle.xcdatamodel */,
			);
			currentVersion = 34C3B26428F6CDDD000B0118 /* Wordle.xcdatamodel */;
			path = Wordle.xcdatamodeld;
			sourceTree = "<group>";
			versionGroupType = wrapper.xcdatamodel;
		};
/* End XCVersionGroup section */
	};
	rootObject = 34C3B24D28F6CDDB000B0118 /* Project object */;
}
